// !$*UTF8*$!
{
	archiveVersion = 1;
	classes = {
	};
	objectVersion = 51;
	objects = {

/* Begin PBXBuildFile section */
		3730A94023CD750600BF6E45 /* AppDelegate.swift in Sources */ = {isa = PBXBuildFile; fileRef = 3730A93F23CD750600BF6E45 /* AppDelegate.swift */; };
		3730A94223CD750600BF6E45 /* SceneDelegate.swift in Sources */ = {isa = PBXBuildFile; fileRef = 3730A94123CD750600BF6E45 /* SceneDelegate.swift */; };
		3730A94423CD750600BF6E45 /* SignInVC.swift in Sources */ = {isa = PBXBuildFile; fileRef = 3730A94323CD750600BF6E45 /* SignInVC.swift */; };
		3730A94723CD750600BF6E45 /* Main.storyboard in Resources */ = {isa = PBXBuildFile; fileRef = 3730A94523CD750600BF6E45 /* Main.storyboard */; };
		3730A94923CD750800BF6E45 /* Assets.xcassets in Resources */ = {isa = PBXBuildFile; fileRef = 3730A94823CD750800BF6E45 /* Assets.xcassets */; };
		3730A94C23CD750800BF6E45 /* LaunchScreen.storyboard in Resources */ = {isa = PBXBuildFile; fileRef = 3730A94A23CD750800BF6E45 /* LaunchScreen.storyboard */; };
		3730A95423CD755E00BF6E45 /* GoogleService-Info.plist in Resources */ = {isa = PBXBuildFile; fileRef = 3730A95323CD755E00BF6E45 /* GoogleService-Info.plist */; };
		37D87BE823CD7B5C008D4E81 /* FeedVC.swift in Sources */ = {isa = PBXBuildFile; fileRef = 37D87BE723CD7B5C008D4E81 /* FeedVC.swift */; };
		37D87BEA23CD7B82008D4E81 /* UploadVC.swift in Sources */ = {isa = PBXBuildFile; fileRef = 37D87BE923CD7B82008D4E81 /* UploadVC.swift */; };
		37D87BEC23CD7BB1008D4E81 /* SettingsVC.swift in Sources */ = {isa = PBXBuildFile; fileRef = 37D87BEB23CD7BB1008D4E81 /* SettingsVC.swift */; };
		37D87BF123CD7FAB008D4E81 /* SnapVC.swift in Sources */ = {isa = PBXBuildFile; fileRef = 37D87BF023CD7FAB008D4E81 /* SnapVC.swift */; };
		E531945D652B8986FA7BE324 /* Pods_SnapHabitFINAL.framework in Frameworks */ = {isa = PBXBuildFile; fileRef = 6AAF77E7E321E6880D5929FF /* Pods_SnapHabitFINAL.framework */; };
/* End PBXBuildFile section */

/* Begin PBXFileReference section */
		3730A93C23CD750600BF6E45 /* SnapHabitFINAL.app */ = {isa = PBXFileReference; explicitFileType = wrapper.application; includeInIndex = 0; path = SnapHabitFINAL.app; sourceTree = BUILT_PRODUCTS_DIR; };
		3730A93F23CD750600BF6E45 /* AppDelegate.swift */ = {isa = PBXFileReference; lastKnownFileType = sourcecode.swift; path = AppDelegate.swift; sourceTree = "<group>"; };
		3730A94123CD750600BF6E45 /* SceneDelegate.swift */ = {isa = PBXFileReference; lastKnownFileType = sourcecode.swift; path = SceneDelegate.swift; sourceTree = "<group>"; };
		3730A94323CD750600BF6E45 /* SignInVC.swift */ = {isa = PBXFileReference; lastKnownFileType = sourcecode.swift; path = SignInVC.swift; sourceTree = "<group>"; };
		3730A94623CD750600BF6E45 /* Base */ = {isa = PBXFileReference; lastKnownFileType = file.storyboard; name = Base; path = Base.lproj/Main.storyboard; sourceTree = "<group>"; };
		3730A94823CD750800BF6E45 /* Assets.xcassets */ = {isa = PBXFileReference; lastKnownFileType = folder.assetcatalog; path = Assets.xcassets; sourceTree = "<group>"; };
		3730A94B23CD750800BF6E45 /* Base */ = {isa = PBXFileReference; lastKnownFileType = file.storyboard; name = Base; path = Base.lproj/LaunchScreen.storyboard; sourceTree = "<group>"; };
		3730A94D23CD750800BF6E45 /* Info.plist */ = {isa = PBXFileReference; lastKnownFileType = text.plist.xml; path = Info.plist; sourceTree = "<group>"; };
		3730A95323CD755E00BF6E45 /* GoogleService-Info.plist */ = {isa = PBXFileReference; fileEncoding = 4; lastKnownFileType = text.plist.xml; path = "GoogleService-Info.plist"; sourceTree = "<group>"; };
		37D87BE723CD7B5C008D4E81 /* FeedVC.swift */ = {isa = PBXFileReference; lastKnownFileType = sourcecode.swift; path = FeedVC.swift; sourceTree = "<group>"; };
		37D87BE923CD7B82008D4E81 /* UploadVC.swift */ = {isa = PBXFileReference; lastKnownFileType = sourcecode.swift; path = UploadVC.swift; sourceTree = "<group>"; };
		37D87BEB23CD7BB1008D4E81 /* SettingsVC.swift */ = {isa = PBXFileReference; lastKnownFileType = sourcecode.swift; path = SettingsVC.swift; sourceTree = "<group>"; };
		37D87BF023CD7FAB008D4E81 /* SnapVC.swift */ = {isa = PBXFileReference; lastKnownFileType = sourcecode.swift; path = SnapVC.swift; sourceTree = "<group>"; };
		6AAF77E7E321E6880D5929FF /* Pods_SnapHabitFINAL.framework */ = {isa = PBXFileReference; explicitFileType = wrapper.framework; includeInIndex = 0; path = Pods_SnapHabitFINAL.framework; sourceTree = BUILT_PRODUCTS_DIR; };
		7C5419DADDAE5C4737C3E150 /* Pods-SnapHabitFINAL.debug.xcconfig */ = {isa = PBXFileReference; includeInIndex = 1; lastKnownFileType = text.xcconfig; name = "Pods-SnapHabitFINAL.debug.xcconfig"; path = "Target Support Files/Pods-SnapHabitFINAL/Pods-SnapHabitFINAL.debug.xcconfig"; sourceTree = "<group>"; };
		8D0E08CCBD6A2B69546A230D /* Pods-SnapHabitFINAL.release.xcconfig */ = {isa = PBXFileReference; includeInIndex = 1; lastKnownFileType = text.xcconfig; name = "Pods-SnapHabitFINAL.release.xcconfig"; path = "Target Support Files/Pods-SnapHabitFINAL/Pods-SnapHabitFINAL.release.xcconfig"; sourceTree = "<group>"; };
/* End PBXFileReference section */

/* Begin PBXFrameworksBuildPhase section */
		3730A93923CD750600BF6E45 /* Frameworks */ = {
			isa = PBXFrameworksBuildPhase;
			buildActionMask = 2147483647;
			files = (
				E531945D652B8986FA7BE324 /* Pods_SnapHabitFINAL.framework in Frameworks */,
			);
			runOnlyForDeploymentPostprocessing = 0;
		};
/* End PBXFrameworksBuildPhase section */

/* Begin PBXGroup section */
		3730A93323CD750600BF6E45 = {
			isa = PBXGroup;
			children = (
				3730A93E23CD750600BF6E45 /* SnapHabitFINAL */,
				3730A93D23CD750600BF6E45 /* Products */,
				ABEF9BB14EBC0F214041B298 /* Pods */,
				4D8A2078AED589FFCA13BA7B /* Frameworks */,
			);
			sourceTree = "<group>";
		};
		3730A93D23CD750600BF6E45 /* Products */ = {
			isa = PBXGroup;
			children = (
				3730A93C23CD750600BF6E45 /* SnapHabitFINAL.app */,
			);
			name = Products;
			sourceTree = "<group>";
		};
		3730A93E23CD750600BF6E45 /* SnapHabitFINAL */ = {
			isa = PBXGroup;
			children = (
				37D87BEF23CD7C0D008D4E81 /* Delegates */,
				37D87BED23CD7BCC008D4E81 /* ViewControllers */,
				3730A94523CD750600BF6E45 /* Main.storyboard */,
				3730A94823CD750800BF6E45 /* Assets.xcassets */,
				3730A94A23CD750800BF6E45 /* LaunchScreen.storyboard */,
				3730A94D23CD750800BF6E45 /* Info.plist */,
				3730A95323CD755E00BF6E45 /* GoogleService-Info.plist */,
			);
			path = SnapHabitFINAL;
			sourceTree = "<group>";
		};
		37D87BED23CD7BCC008D4E81 /* ViewControllers */ = {
			isa = PBXGroup;
			children = (
				3730A94323CD750600BF6E45 /* SignInVC.swift */,
				37D87BE723CD7B5C008D4E81 /* FeedVC.swift */,
				37D87BE923CD7B82008D4E81 /* UploadVC.swift */,
				37D87BEB23CD7BB1008D4E81 /* SettingsVC.swift */,
				37D87BF023CD7FAB008D4E81 /* SnapVC.swift */,
			);
			path = ViewControllers;
			sourceTree = "<group>";
		};
		37D87BEF23CD7C0D008D4E81 /* Delegates */ = {
			isa = PBXGroup;
			children = (
				3730A93F23CD750600BF6E45 /* AppDelegate.swift */,
				3730A94123CD750600BF6E45 /* SceneDelegate.swift */,
			);
			path = Delegates;
			sourceTree = "<group>";
		};
		4D8A2078AED589FFCA13BA7B /* Frameworks */ = {
			isa = PBXGroup;
			children = (
				6AAF77E7E321E6880D5929FF /* Pods_SnapHabitFINAL.framework */,
			);
			name = Frameworks;
			sourceTree = "<group>";
		};
		ABEF9BB14EBC0F214041B298 /* Pods */ = {
			isa = PBXGroup;
			children = (
				7C5419DADDAE5C4737C3E150 /* Pods-SnapHabitFINAL.debug.xcconfig */,
				8D0E08CCBD6A2B69546A230D /* Pods-SnapHabitFINAL.release.xcconfig */,
			);
			path = Pods;
			sourceTree = "<group>";
		};
/* End PBXGroup section */

/* Begin PBXNativeTarget section */
		3730A93B23CD750600BF6E45 /* SnapHabitFINAL */ = {
			isa = PBXNativeTarget;
			buildConfigurationList = 3730A95023CD750800BF6E45 /* Build configuration list for PBXNativeTarget "SnapHabitFINAL" */;
			buildPhases = (
				187021BC4F7568DC54804FC9 /* [CP] Check Pods Manifest.lock */,
				3730A93823CD750600BF6E45 /* Sources */,
				3730A93923CD750600BF6E45 /* Frameworks */,
				3730A93A23CD750600BF6E45 /* Resources */,
				AF63FAA83621C868A2B315D0 /* [CP] Embed Pods Frameworks */,
			);
			buildRules = (
			);
			dependencies = (
			);
			name = SnapHabitFINAL;
			productName = SnapHabitFINAL;
			productReference = 3730A93C23CD750600BF6E45 /* SnapHabitFINAL.app */;
			productType = "com.apple.product-type.application";
		};
/* End PBXNativeTarget section */

/* Begin PBXProject section */
		3730A93423CD750600BF6E45 /* Project object */ = {
			isa = PBXProject;
			attributes = {
				LastSwiftUpdateCheck = 1130;
				LastUpgradeCheck = 1130;
				ORGANIZATIONNAME = "Kent Bara";
				TargetAttributes = {
					3730A93B23CD750600BF6E45 = {
						CreatedOnToolsVersion = 11.3.1;
					};
				};
			};
			buildConfigurationList = 3730A93723CD750600BF6E45 /* Build configuration list for PBXProject "SnapHabitFINAL" */;
			compatibilityVersion = "Xcode 9.3";
			developmentRegion = en;
			hasScannedForEncodings = 0;
			knownRegions = (
				en,
				Base,
			);
			mainGroup = 3730A93323CD750600BF6E45;
			productRefGroup = 3730A93D23CD750600BF6E45 /* Products */;
			projectDirPath = "";
			projectRoot = "";
			targets = (
				3730A93B23CD750600BF6E45 /* SnapHabitFINAL */,
			);
		};
/* End PBXProject section */

/* Begin PBXResourcesBuildPhase section */
		3730A93A23CD750600BF6E45 /* Resources */ = {
			isa = PBXResourcesBuildPhase;
			buildActionMask = 2147483647;
			files = (
				3730A94C23CD750800BF6E45 /* LaunchScreen.storyboard in Resources */,
				3730A95423CD755E00BF6E45 /* GoogleService-Info.plist in Resources */,
				3730A94923CD750800BF6E45 /* Assets.xcassets in Resources */,
				3730A94723CD750600BF6E45 /* Main.storyboard in Resources */,
			);
			runOnlyForDeploymentPostprocessing = 0;
		};
/* End PBXResourcesBuildPhase section */

/* Begin PBXShellScriptBuildPhase section */
		187021BC4F7568DC54804FC9 /* [CP] Check Pods Manifest.lock */ = {
			isa = PBXShellScriptBuildPhase;
			buildActionMask = 2147483647;
			files = (
			);
			inputFileListPaths = (
			);
			inputPaths = (
				"${PODS_PODFILE_DIR_PATH}/Podfile.lock",
				"${PODS_ROOT}/Manifest.lock",
			);
			name = "[CP] Check Pods Manifest.lock";
			outputFileListPaths = (
			);
			outputPaths = (
				"$(DERIVED_FILE_DIR)/Pods-SnapHabitFINAL-checkManifestLockResult.txt",
			);
			runOnlyForDeploymentPostprocessing = 0;
			shellPath = /bin/sh;
			shellScript = "diff \"${PODS_PODFILE_DIR_PATH}/Podfile.lock\" \"${PODS_ROOT}/Manifest.lock\" > /dev/null\nif [ $? != 0 ] ; then\n    # print error to STDERR\n    echo \"error: The sandbox is not in sync with the Podfile.lock. Run 'pod install' or update your CocoaPods installation.\" >&2\n    exit 1\nfi\n# This output is used by Xcode 'outputs' to avoid re-running this script phase.\necho \"SUCCESS\" > \"${SCRIPT_OUTPUT_FILE_0}\"\n";
			showEnvVarsInLog = 0;
		};
		AF63FAA83621C868A2B315D0 /* [CP] Embed Pods Frameworks */ = {
			isa = PBXShellScriptBuildPhase;
			buildActionMask = 2147483647;
			files = (
			);
			inputFileListPaths = (
				"${PODS_ROOT}/Target Support Files/Pods-SnapHabitFINAL/Pods-SnapHabitFINAL-frameworks-${CONFIGURATION}-input-files.xcfilelist",
			);
			name = "[CP] Embed Pods Frameworks";
			outputFileListPaths = (
				"${PODS_ROOT}/Target Support Files/Pods-SnapHabitFINAL/Pods-SnapHabitFINAL-frameworks-${CONFIGURATION}-output-files.xcfilelist",
			);
			runOnlyForDeploymentPostprocessing = 0;
			shellPath = /bin/sh;
			shellScript = "\"${PODS_ROOT}/Target Support Files/Pods-SnapHabitFINAL/Pods-SnapHabitFINAL-frameworks.sh\"\n";
			showEnvVarsInLog = 0;
		};
/* End PBXShellScriptBuildPhase section */

/* Begin PBXSourcesBuildPhase section */
		3730A93823CD750600BF6E45 /* Sources */ = {
			isa = PBXSourcesBuildPhase;
			buildActionMask = 2147483647;
			files = (
				37D87BE823CD7B5C008D4E81 /* FeedVC.swift in Sources */,
				3730A94423CD750600BF6E45 /* SignInVC.swift in Sources */,
				3730A94023CD750600BF6E45 /* AppDelegate.swift in Sources */,
				37D87BEA23CD7B82008D4E81 /* UploadVC.swift in Sources */,
				37D87BF123CD7FAB008D4E81 /* SnapVC.swift in Sources */,
				3730A94223CD750600BF6E45 /* SceneDelegate.swift in Sources */,
				37D87BEC23CD7BB1008D4E81 /* SettingsVC.swift in Sources */,
			);
			runOnlyForDeploymentPostprocessing = 0;
		};
/* End PBXSourcesBuildPhase section */

/* Begin PBXVariantGroup section */
		3730A94523CD750600BF6E45 /* Main.storyboard */ = {
			isa = PBXVariantGroup;
			children = (
				3730A94623CD750600BF6E45 /* Base */,
			);
			name = Main.storyboard;
			sourceTree = "<group>";
		};
		3730A94A23CD750800BF6E45 /* LaunchScreen.storyboard */ = {
			isa = PBXVariantGroup;
			children = (
				3730A94B23CD750800BF6E45 /* Base */,
			);
			name = LaunchScreen.storyboard;
			sourceTree = "<group>";
		};
/* End PBXVariantGroup section */

/* Begin XCBuildConfiguration section */
		3730A94E23CD750800BF6E45 /* Debug */ = {
			isa = XCBuildConfiguration;
			buildSettings = {
				ALWAYS_SEARCH_USER_PATHS = NO;
				CLANG_ANALYZER_NONNULL = YES;
				CLANG_ANALYZER_NUMBER_OBJECT_CONVERSION = YES_AGGRESSIVE;
				CLANG_CXX_LANGUAGE_STANDARD = "gnu++14";
				CLANG_CXX_LIBRARY = "libc++";
				CLANG_ENABLE_MODULES = YES;
				CLANG_ENABLE_OBJC_ARC = YES;
				CLANG_ENABLE_OBJC_WEAK = YES;
				CLANG_WARN_BLOCK_CAPTURE_AUTORELEASING = YES;
				CLANG_WARN_BOOL_CONVERSION = YES;
				CLANG_WARN_COMMA = YES;
				CLANG_WARN_CONSTANT_CONVERSION = YES;
				CLANG_WARN_DEPRECATED_OBJC_IMPLEMENTATIONS = YES;
				CLANG_WARN_DIRECT_OBJC_ISA_USAGE = YES_ERROR;
				CLANG_WARN_DOCUMENTATION_COMMENTS = YES;
				CLANG_WARN_EMPTY_BODY = YES;
				CLANG_WARN_ENUM_CONVERSION = YES;
				CLANG_WARN_INFINITE_RECURSION = YES;
				CLANG_WARN_INT_CONVERSION = YES;
				CLANG_WARN_NON_LITERAL_NULL_CONVERSION = YES;
				CLANG_WARN_OBJC_IMPLICIT_RETAIN_SELF = YES;
				CLANG_WARN_OBJC_LITERAL_CONVERSION = YES;
				CLANG_WARN_OBJC_ROOT_CLASS = YES_ERROR;
				CLANG_WARN_RANGE_LOOP_ANALYSIS = YES;
				CLANG_WARN_STRICT_PROTOTYPES = YES;
				CLANG_WARN_SUSPICIOUS_MOVE = YES;
				CLANG_WARN_UNGUARDED_AVAILABILITY = YES_AGGRESSIVE;
				CLANG_WARN_UNREACHABLE_CODE = YES;
				CLANG_WARN__DUPLICATE_METHOD_MATCH = YES;
				COPY_PHASE_STRIP = NO;
				DEBUG_INFORMATION_FORMAT = dwarf;
				ENABLE_STRICT_OBJC_MSGSEND = YES;
				ENABLE_TESTABILITY = YES;
				GCC_C_LANGUAGE_STANDARD = gnu11;
				GCC_DYNAMIC_NO_PIC = NO;
				GCC_NO_COMMON_BLOCKS = YES;
				GCC_OPTIMIZATION_LEVEL = 0;
				GCC_PREPROCESSOR_DEFINITIONS = (
					"DEBUG=1",
					"$(inherited)",
				);
				GCC_WARN_64_TO_32_BIT_CONVERSION = YES;
				GCC_WARN_ABOUT_RETURN_TYPE = YES_ERROR;
				GCC_WARN_UNDECLARED_SELECTOR = YES;
				GCC_WARN_UNINITIALIZED_AUTOS = YES_AGGRESSIVE;
				GCC_WARN_UNUSED_FUNCTION = YES;
				GCC_WARN_UNUSED_VARIABLE = YES;
				IPHONEOS_DEPLOYMENT_TARGET = 13.2;
				MTL_ENABLE_DEBUG_INFO = INCLUDE_SOURCE;
				MTL_FAST_MATH = YES;
				ONLY_ACTIVE_ARCH = YES;
				SDKROOT = iphoneos;
				SWIFT_ACTIVE_COMPILATION_CONDITIONS = DEBUG;
				SWIFT_OPTIMIZATION_LEVEL = "-Onone";
			};
			name = Debug;
		};
		3730A94F23CD750800BF6E45 /* Release */ = {
			isa = XCBuildConfiguration;
			buildSettings = {
				ALWAYS_SEARCH_USER_PATHS = NO;
				CLANG_ANALYZER_NONNULL = YES;
				CLANG_ANALYZER_NUMBER_OBJECT_CONVERSION = YES_AGGRESSIVE;
				CLANG_CXX_LANGUAGE_STANDARD = "gnu++14";
				CLANG_CXX_LIBRARY = "libc++";
				CLANG_ENABLE_MODULES = YES;
				CLANG_ENABLE_OBJC_ARC = YES;
				CLANG_ENABLE_OBJC_WEAK = YES;
				CLANG_WARN_BLOCK_CAPTURE_AUTORELEASING = YES;
				CLANG_WARN_BOOL_CONVERSION = YES;
				CLANG_WARN_COMMA = YES;
				CLANG_WARN_CONSTANT_CONVERSION = YES;
				CLANG_WARN_DEPRECATED_OBJC_IMPLEMENTATIONS = YES;
				CLANG_WARN_DIRECT_OBJC_ISA_USAGE = YES_ERROR;
				CLANG_WARN_DOCUMENTATION_COMMENTS = YES;
				CLANG_WARN_EMPTY_BODY = YES;
				CLANG_WARN_ENUM_CONVERSION = YES;
				CLANG_WARN_INFINITE_RECURSION = YES;
				CLANG_WARN_INT_CONVERSION = YES;
				CLANG_WARN_NON_LITERAL_NULL_CONVERSION = YES;
				CLANG_WARN_OBJC_IMPLICIT_RETAIN_SELF = YES;
				CLANG_WARN_OBJC_LITERAL_CONVERSION = YES;
				CLANG_WARN_OBJC_ROOT_CLASS = YES_ERROR;
				CLANG_WARN_RANGE_LOOP_ANALYSIS = YES;
				CLANG_WARN_STRICT_PROTOTYPES = YES;
				CLANG_WARN_SUSPICIOUS_MOVE = YES;
				CLANG_WARN_UNGUARDED_AVAILABILITY = YES_AGGRESSIVE;
				CLANG_WARN_UNREACHABLE_CODE = YES;
				CLANG_WARN__DUPLICATE_METHOD_MATCH = YES;
				COPY_PHASE_STRIP = NO;
				DEBUG_INFORMATION_FORMAT = "dwarf-with-dsym";
				ENABLE_NS_ASSERTIONS = NO;
				ENABLE_STRICT_OBJC_MSGSEND = YES;
				GCC_C_LANGUAGE_STANDARD = gnu11;
				GCC_NO_COMMON_BLOCKS = YES;
				GCC_WARN_64_TO_32_BIT_CONVERSION = YES;
				GCC_WARN_ABOUT_RETURN_TYPE = YES_ERROR;
				GCC_WARN_UNDECLARED_SELECTOR = YES;
				GCC_WARN_UNINITIALIZED_AUTOS = YES_AGGRESSIVE;
				GCC_WARN_UNUSED_FUNCTION = YES;
				GCC_WARN_UNUSED_VARIABLE = YES;
				IPHONEOS_DEPLOYMENT_TARGET = 13.2;
				MTL_ENABLE_DEBUG_INFO = NO;
				MTL_FAST_MATH = YES;
				SDKROOT = iphoneos;
				SWIFT_COMPILATION_MODE = wholemodule;
				SWIFT_OPTIMIZATION_LEVEL = "-O";
				VALIDATE_PRODUCT = YES;
			};
			name = Release;
		};
		3730A95123CD750800BF6E45 /* Debug */ = {
			isa = XCBuildConfiguration;
			baseConfigurationReference = 7C5419DADDAE5C4737C3E150 /* Pods-SnapHabitFINAL.debug.xcconfig */;
			buildSettings = {
				ASSETCATALOG_COMPILER_APPICON_NAME = AppIcon;
				CODE_SIGN_STYLE = Automatic;
				INFOPLIST_FILE = SnapHabitFINAL/Info.plist;
				LD_RUNPATH_SEARCH_PATHS = (
					"$(inherited)",
					"@executable_path/Frameworks",
				);
				PRODUCT_BUNDLE_IDENTIFIER = kentbara.SnapHabitFINAL;
				PRODUCT_NAME = "$(TARGET_NAME)";
				SWIFT_VERSION = 5.0;
				TARGETED_DEVICE_FAMILY = "1,2";
			};
			name = Debug;
		};
		3730A95223CD750800BF6E45 /* Release */ = {
			isa = XCBuildConfiguration;
			baseConfigurationReference = 8D0E08CCBD6A2B69546A230D /* Pods-SnapHabitFINAL.release.xcconfig */;
			buildSettings = {
				ASSETCATALOG_COMPILER_APPICON_NAME = AppIcon;
				CODE_SIGN_STYLE = Automatic;
				INFOPLIST_FILE = SnapHabitFINAL/Info.plist;
				LD_RUNPATH_SEARCH_PATHS = (
					"$(inherited)",
					"@executable_path/Frameworks",
				);
				PRODUCT_BUNDLE_IDENTIFIER = kentbara.SnapHabitFINAL;
				PRODUCT_NAME = "$(TARGET_NAME)";
				SWIFT_VERSION = 5.0;
				TARGETED_DEVICE_FAMILY = "1,2";
			};
			name = Release;
		};
/* End XCBuildConfiguration section */

/* Begin XCConfigurationList section */
		3730A93723CD750600BF6E45 /* Build configuration list for PBXProject "SnapHabitFINAL" */ = {
			isa = XCConfigurationList;
			buildConfigurations = (
				3730A94E23CD750800BF6E45 /* Debug */,
				3730A94F23CD750800BF6E45 /* Release */,
			);
			defaultConfigurationIsVisible = 0;
			defaultConfigurationName = Release;
		};
		3730A95023CD750800BF6E45 /* Build configuration list for PBXNativeTarget "SnapHabitFINAL" */ = {
			isa = XCConfigurationList;
			buildConfigurations = (
				3730A95123CD750800BF6E45 /* Debug */,
				3730A95223CD750800BF6E45 /* Release */,
			);
			defaultConfigurationIsVisible = 0;
			defaultConfigurationName = Release;
		};
/* End XCConfigurationList section */
	};
	rootObject = 3730A93423CD750600BF6E45 /* Project object */;
}
